
Microsoft Visual Studio Solution File, Format Version 12.00
# Visual Studio Version 17
VisualStudioVersion = 17.7.34202.233
MinimumVisualStudioVersion = 10.0.40219.1
Project("{FAE04EC0-301F-11D3-BF4B-00C04F79EFBC}") = "titovar", "titovar\titovar.csproj", "{DA8411CC-9540-4FBA-8590-94D622093677}"
EndProject
Global
	GlobalSection(SolutionConfigurationPlatforms) = preSolution
		Debug|Any CPU = Debug|Any CPU
		Release|Any CPU = Release|Any CPU
	EndGlobalSection
	GlobalSection(ProjectConfigurationPlatforms) = postSolution
		{DA8411CC-9540-4FBA-8590-94D622093677}.Debug|Any CPU.ActiveCfg = Debug|Any CPU
		{DA8411CC-9540-4FBA-8590-94D622093677}.Debug|Any CPU.Build.0 = Debug|Any CPU
		{DA8411CC-9540-4FBA-8590-94D622093677}.Release|Any CPU.ActiveCfg = Release|Any CPU
		{DA8411CC-9540-4FBA-8590-94D622093677}.Release|Any CPU.Build.0 = Release|Any CPU
	EndGlobalSection
	GlobalSection(SolutionProperties) = preSolution
		HideSolutionNode = FALSE
	EndGlobalSection
	GlobalSection(ExtensibilityGlobals) = postSolution
		SolutionGuid = {229D82B9-9F26-4ED7-9568-712163FA951B}
	EndGlobalSection
EndGlobal
